
Microsoft Visual Studio Solution File, Format Version 12.00
# Visual Studio Version 16
VisualStudioVersion = 16.0.29509.3
MinimumVisualStudioVersion = 10.0.40219.1
Project("{FAE04EC0-301F-11D3-BF4B-00C04F79EFBC}") = "FSL.Benchmark.AspNetCore", "FSL.Benchmark.AspNetCore\FSL.Benchmark.AspNetCore.csproj", "{76B31211-FA05-48F1-BA84-AEE80690F22B}"
EndProject
Project("{FAE04EC0-301F-11D3-BF4B-00C04F79EFBC}") = "FSL.Benchmark.AspNetFramework", "FSL.Benchmark.AspNetFramework\FSL.Benchmark.AspNetFramework.csproj", "{F9AC1264-C027-46A8-ADEC-B5AB7B22F31A}"
EndProject
Project("{FAE04EC0-301F-11D3-BF4B-00C04F79EFBC}") = "FSL.Benchmark.AspNetCore22", "FSL.Benchmark.AspNetCore22\FSL.Benchmark.AspNetCore22.csproj", "{C4BE2D1D-AE29-4507-88D3-0ED94BA043F6}"
EndProject
Global
	GlobalSection(SolutionConfigurationPlatforms) = preSolution
		Debug|Any CPU = Debug|Any CPU
		Release|Any CPU = Release|Any CPU
	EndGlobalSection
	GlobalSection(ProjectConfigurationPlatforms) = postSolution
		{76B31211-FA05-48F1-BA84-AEE80690F22B}.Debug|Any CPU.ActiveCfg = Debug|Any CPU
		{76B31211-FA05-48F1-BA84-AEE80690F22B}.Debug|Any CPU.Build.0 = Debug|Any CPU
		{76B31211-FA05-48F1-BA84-AEE80690F22B}.Release|Any CPU.ActiveCfg = Release|Any CPU
		{76B31211-FA05-48F1-BA84-AEE80690F22B}.Release|Any CPU.Build.0 = Release|Any CPU
		{F9AC1264-C027-46A8-ADEC-B5AB7B22F31A}.Debug|Any CPU.ActiveCfg = Debug|Any CPU
		{F9AC1264-C027-46A8-ADEC-B5AB7B22F31A}.Debug|Any CPU.Build.0 = Debug|Any CPU
		{F9AC1264-C027-46A8-ADEC-B5AB7B22F31A}.Release|Any CPU.ActiveCfg = Release|Any CPU
		{F9AC1264-C027-46A8-ADEC-B5AB7B22F31A}.Release|Any CPU.Build.0 = Release|Any CPU
		{C4BE2D1D-AE29-4507-88D3-0ED94BA043F6}.Debug|Any CPU.ActiveCfg = Debug|Any CPU
		{C4BE2D1D-AE29-4507-88D3-0ED94BA043F6}.Debug|Any CPU.Build.0 = Debug|Any CPU
		{C4BE2D1D-AE29-4507-88D3-0ED94BA043F6}.Release|Any CPU.ActiveCfg = Release|Any CPU
		{C4BE2D1D-AE29-4507-88D3-0ED94BA043F6}.Release|Any CPU.Build.0 = Release|Any CPU
	EndGlobalSection
	GlobalSection(SolutionProperties) = preSolution
		HideSolutionNode = FALSE
	EndGlobalSection
	GlobalSection(ExtensibilityGlobals) = postSolution
		SolutionGuid = {301B42F3-95EE-402C-9739-7EEC256DAEA6}
	EndGlobalSection
EndGlobal
